
Microsoft Visual Studio Solution File, Format Version 12.00
# Visual Studio Version 17
VisualStudioVersion = 17.9.34728.123
MinimumVisualStudioVersion = 10.0.40219.1
Project("{FAE04EC0-301F-11D3-BF4B-00C04F79EFBC}") = "N2NConnectBhd_Assessment", "N2NConnectBhd_Assessment.csproj", "{1158AED2-9865-4425-A423-133AA540B389}"
EndProject
Global
	GlobalSection(SolutionConfigurationPlatforms) = preSolution
		Debug|Any CPU = Debug|Any CPU
		Release|Any CPU = Release|Any CPU
	EndGlobalSection
	GlobalSection(ProjectConfigurationPlatforms) = postSolution
		{1158AED2-9865-4425-A423-133AA540B389}.Debug|Any CPU.ActiveCfg = Debug|Any CPU
		{1158AED2-9865-4425-A423-133AA540B389}.Debug|Any CPU.Build.0 = Debug|Any CPU
		{1158AED2-9865-4425-A423-133AA540B389}.Release|Any CPU.ActiveCfg = Release|Any CPU
		{1158AED2-9865-4425-A423-133AA540B389}.Release|Any CPU.Build.0 = Release|Any CPU
	EndGlobalSection
	GlobalSection(SolutionProperties) = preSolution
		HideSolutionNode = FALSE
	EndGlobalSection
	GlobalSection(ExtensibilityGlobals) = postSolution
		SolutionGuid = {96876EBA-A435-49DE-AFA0-489B973141F9}
	EndGlobalSection
EndGlobal
